
Microsoft Visual Studio Solution File, Format Version 12.00
# Visual Studio Version 17
VisualStudioVersion = 17.14.36811.4
MinimumVisualStudioVersion = 10.0.40219.1
Project("{2150E333-8FDC-42A3-9474-1A3956D46DE8}") = "src", "src", "{827E0CD3-B72D-47B6-A68D-7590B98EB39B}"
EndProject
Project("{FAE04EC0-301F-11D3-BF4B-00C04F79EFBC}") = "ComputerCare.Domain", "src\ComputerCare.Domain\ComputerCare.Domain.csproj", "{BF0627DA-99F3-495D-AFAB-3C2E16EAD500}"
EndProject
Project("{FAE04EC0-301F-11D3-BF4B-00C04F79EFBC}") = "ComputerCare.Application", "src\ComputerCare.Application\ComputerCare.Application.csproj", "{379DEBB1-FC50-40AD-8A64-30F6E550E9AD}"
EndProject
Project("{FAE04EC0-301F-11D3-BF4B-00C04F79EFBC}") = "ComputerCare.Infrastructure", "src\ComputerCare.Infrastructure\ComputerCare.Infrastructure.csproj", "{112A560F-1D04-4EBD-8A8C-2B4B76022A6B}"
EndProject
Project("{FAE04EC0-301F-11D3-BF4B-00C04F79EFBC}") = "ComputerCare.API", "src\ComputerCare.API\ComputerCare.API.csproj", "{EA787CDB-CAFD-4BD1-AC15-CA08262BD09D}"
EndProject
Project("{FAE04EC0-301F-11D3-BF4B-00C04F79EFBC}") = "ComputerCare.WebSocket", "src\ComputerCare.WebSocket\ComputerCare.WebSocket.csproj", "{BEC36F20-202C-44E3-86A8-7B7D4993B6DA}"
EndProject
Project("{FAE04EC0-301F-11D3-BF4B-00C04F79EFBC}") = "ComputerCare.Shared", "src\ComputerCare.Shared\ComputerCare.Shared.csproj", "{3B82A2BD-7B69-416B-AE0D-DDC91FDDD9A1}"
EndProject
Project("{FAE04EC0-301F-11D3-BF4B-00C04F79EFBC}") = "ComputerCare.Web", "src\ComputerCare.Web\ComputerCare.Web.csproj", "{A0B2C3B8-B71E-45A4-B61B-812245E40C53}"
EndProject
Global
	GlobalSection(SolutionConfigurationPlatforms) = preSolution
		Debug|Any CPU = Debug|Any CPU
		Debug|x64 = Debug|x64
		Debug|x86 = Debug|x86
		Release|Any CPU = Release|Any CPU
		Release|x64 = Release|x64
		Release|x86 = Release|x86
	EndGlobalSection
	GlobalSection(ProjectConfigurationPlatforms) = postSolution
		{BF0627DA-99F3-495D-AFAB-3C2E16EAD500}.Debug|Any CPU.ActiveCfg = Debug|Any CPU
		{BF0627DA-99F3-495D-AFAB-3C2E16EAD500}.Debug|Any CPU.Build.0 = Debug|Any CPU
		{BF0627DA-99F3-495D-AFAB-3C2E16EAD500}.Debug|x64.ActiveCfg = Debug|Any CPU
		{BF0627DA-99F3-495D-AFAB-3C2E16EAD500}.Debug|x64.Build.0 = Debug|Any CPU
		{BF0627DA-99F3-495D-AFAB-3C2E16EAD500}.Debug|x86.ActiveCfg = Debug|Any CPU
		{BF0627DA-99F3-495D-AFAB-3C2E16EAD500}.Debug|x86.Build.0 = Debug|Any CPU
		{BF0627DA-99F3-495D-AFAB-3C2E16EAD500}.Release|Any CPU.ActiveCfg = Release|Any CPU
		{BF0627DA-99F3-495D-AFAB-3C2E16EAD500}.Release|Any CPU.Build.0 = Release|Any CPU
		{BF0627DA-99F3-495D-AFAB-3C2E16EAD500}.Release|x64.ActiveCfg = Release|Any CPU
		{BF0627DA-99F3-495D-AFAB-3C2E16EAD500}.Release|x64.Build.0 = Release|Any CPU
		{BF0627DA-99F3-495D-AFAB-3C2E16EAD500}.Release|x86.ActiveCfg = Release|Any CPU
		{BF0627DA-99F3-495D-AFAB-3C2E16EAD500}.Release|x86.Build.0 = Release|Any CPU
		{379DEBB1-FC50-40AD-8A64-30F6E550E9AD}.Debug|Any CPU.ActiveCfg = Debug|Any CPU
		{379DEBB1-FC50-40AD-8A64-30F6E550E9AD}.Debug|Any CPU.Build.0 = Debug|Any CPU
		{379DEBB1-FC50-40AD-8A64-30F6E550E9AD}.Debug|x64.ActiveCfg = Debug|Any CPU
		{379DEBB1-FC50-40AD-8A64-30F6E550E9AD}.Debug|x64.Build.0 = Debug|Any CPU
		{379DEBB1-FC50-40AD-8A64-30F6E550E9AD}.Debug|x86.ActiveCfg = Debug|Any CPU
		{379DEBB1-FC50-40AD-8A64-30F6E550E9AD}.Debug|x86.Build.0 = Debug|Any CPU
		{379DEBB1-FC50-40AD-8A64-30F6E550E9AD}.Release|Any CPU.ActiveCfg = Release|Any CPU
		{379DEBB1-FC50-40AD-8A64-30F6E550E9AD}.Release|Any CPU.Build.0 = Release|Any CPU
		{379DEBB1-FC50-40AD-8A64-30F6E550E9AD}.Release|x64.ActiveCfg = Release|Any CPU
		{379DEBB1-FC50-40AD-8A64-30F6E550E9AD}.Release|x64.Build.0 = Release|Any CPU
		{379DEBB1-FC50-40AD-8A64-30F6E550E9AD}.Release|x86.ActiveCfg = Release|Any CPU
		{379DEBB1-FC50-40AD-8A64-30F6E550E9AD}.Release|x86.Build.0 = Release|Any CPU
		{112A560F-1D04-4EBD-8A8C-2B4B76022A6B}.Debug|Any CPU.ActiveCfg = Debug|Any CPU
		{112A560F-1D04-4EBD-8A8C-2B4B76022A6B}.Debug|Any CPU.Build.0 = Debug|Any CPU
		{112A560F-1D04-4EBD-8A8C-2B4B76022A6B}.Debug|x64.ActiveCfg = Debug|Any CPU
		{112A560F-1D04-4EBD-8A8C-2B4B76022A6B}.Debug|x64.Build.0 = Debug|Any CPU
		{112A560F-1D04-4EBD-8A8C-2B4B76022A6B}.Debug|x86.ActiveCfg = Debug|Any CPU
		{112A560F-1D04-4EBD-8A8C-2B4B76022A6B}.Debug|x86.Build.0 = Debug|Any CPU
		{112A560F-1D04-4EBD-8A8C-2B4B76022A6B}.Release|Any CPU.ActiveCfg = Release|Any CPU
		{112A560F-1D04-4EBD-8A8C-2B4B76022A6B}.Release|Any CPU.Build.0 = Release|Any CPU
		{112A560F-1D04-4EBD-8A8C-2B4B76022A6B}.Release|x64.ActiveCfg = Release|Any CPU
		{112A560F-1D04-4EBD-8A8C-2B4B76022A6B}.Release|x64.Build.0 = Release|Any CPU
		{112A560F-1D04-4EBD-8A8C-2B4B76022A6B}.Release|x86.ActiveCfg = Release|Any CPU
		{112A560F-1D04-4EBD-8A8C-2B4B76022A6B}.Release|x86.Build.0 = Release|Any CPU
		{EA787CDB-CAFD-4BD1-AC15-CA08262BD09D}.Debug|Any CPU.ActiveCfg = Debug|Any CPU
		{EA787CDB-CAFD-4BD1-AC15-CA08262BD09D}.Debug|Any CPU.Build.0 = Debug|Any CPU
		{EA787CDB-CAFD-4BD1-AC15-CA08262BD09D}.Debug|x64.ActiveCfg = Debug|Any CPU
		{EA787CDB-CAFD-4BD1-AC15-CA08262BD09D}.Debug|x64.Build.0 = Debug|Any CPU
		{EA787CDB-CAFD-4BD1-AC15-CA08262BD09D}.Debug|x86.ActiveCfg = Debug|Any CPU
		{EA787CDB-CAFD-4BD1-AC15-CA08262BD09D}.Debug|x86.Build.0 = Debug|Any CPU
		{EA787CDB-CAFD-4BD1-AC15-CA08262BD09D}.Release|Any CPU.ActiveCfg = Release|Any CPU
		{EA787CDB-CAFD-4BD1-AC15-CA08262BD09D}.Release|Any CPU.Build.0 = Release|Any CPU
		{EA787CDB-CAFD-4BD1-AC15-CA08262BD09D}.Release|x64.ActiveCfg = Release|Any CPU
		{EA787CDB-CAFD-4BD1-AC15-CA08262BD09D}.Release|x64.Build.0 = Release|Any CPU
		{EA787CDB-CAFD-4BD1-AC15-CA08262BD09D}.Release|x86.ActiveCfg = Release|Any CPU
		{EA787CDB-CAFD-4BD1-AC15-CA08262BD09D}.Release|x86.Build.0 = Release|Any CPU
		{BEC36F20-202C-44E3-86A8-7B7D4993B6DA}.Debug|Any CPU.ActiveCfg = Debug|Any CPU
		{BEC36F20-202C-44E3-86A8-7B7D4993B6DA}.Debug|Any CPU.Build.0 = Debug|Any CPU
		{BEC36F20-202C-44E3-86A8-7B7D4993B6DA}.Debug|x64.ActiveCfg = Debug|Any CPU
		{BEC36F20-202C-44E3-86A8-7B7D4993B6DA}.Debug|x64.Build.0 = Debug|Any CPU
		{BEC36F20-202C-44E3-86A8-7B7D4993B6DA}.Debug|x86.ActiveCfg = Debug|Any CPU
		{BEC36F20-202C-44E3-86A8-7B7D4993B6DA}.Debug|x86.Build.0 = Debug|Any CPU
		{BEC36F20-202C-44E3-86A8-7B7D4993B6DA}.Release|Any CPU.ActiveCfg = Release|Any CPU
		{BEC36F20-202C-44E3-86A8-7B7D4993B6DA}.Release|Any CPU.Build.0 = Release|Any CPU
		{BEC36F20-202C-44E3-86A8-7B7D4993B6DA}.Release|x64.ActiveCfg = Release|Any CPU
		{BEC36F20-202C-44E3-86A8-7B7D4993B6DA}.Release|x64.Build.0 = Release|Any CPU
		{BEC36F20-202C-44E3-86A8-7B7D4993B6DA}.Release|x86.ActiveCfg = Release|Any CPU
		{BEC36F20-202C-44E3-86A8-7B7D4993B6DA}.Release|x86.Build.0 = Release|Any CPU
		{3B82A2BD-7B69-416B-AE0D-DDC91FDDD9A1}.Debug|Any CPU.ActiveCfg = Debug|Any CPU
		{3B82A2BD-7B69-416B-AE0D-DDC91FDDD9A1}.Debug|Any CPU.Build.0 = Debug|Any CPU
		{3B82A2BD-7B69-416B-AE0D-DDC91FDDD9A1}.Debug|x64.ActiveCfg = Debug|Any CPU
		{3B82A2BD-7B69-416B-AE0D-DDC91FDDD9A1}.Debug|x64.Build.0 = Debug|Any CPU
		{3B82A2BD-7B69-416B-AE0D-DDC91FDDD9A1}.Debug|x86.ActiveCfg = Debug|Any CPU
		{3B82A2BD-7B69-416B-AE0D-DDC91FDDD9A1}.Debug|x86.Build.0 = Debug|Any CPU
		{3B82A2BD-7B69-416B-AE0D-DDC91FDDD9A1}.Release|Any CPU.ActiveCfg = Release|Any CPU
		{3B82A2BD-7B69-416B-AE0D-DDC91FDDD9A1}.Release|Any CPU.Build.0 = Release|Any CPU
		{3B82A2BD-7B69-416B-AE0D-DDC91FDDD9A1}.Release|x64.ActiveCfg = Release|Any CPU
		{3B82A2BD-7B69-416B-AE0D-DDC91FDDD9A1}.Release|x64.Build.0 = Release|Any CPU
		{3B82A2BD-7B69-416B-AE0D-DDC91FDDD9A1}.Release|x86.ActiveCfg = Release|Any CPU
		{3B82A2BD-7B69-416B-AE0D-DDC91FDDD9A1}.Release|x86.Build.0 = Release|Any CPU
		{A0B2C3B8-B71E-45A4-B61B-812245E40C53}.Debug|Any CPU.ActiveCfg = Debug|Any CPU
		{A0B2C3B8-B71E-45A4-B61B-812245E40C53}.Debug|Any CPU.Build.0 = Debug|Any CPU
		{A0B2C3B8-B71E-45A4-B61B-812245E40C53}.Debug|x64.ActiveCfg = Debug|Any CPU
		{A0B2C3B8-B71E-45A4-B61B-812245E40C53}.Debug|x64.Build.0 = Debug|Any CPU
		{A0B2C3B8-B71E-45A4-B61B-812245E40C53}.Debug|x86.ActiveCfg = Debug|Any CPU
		{A0B2C3B8-B71E-45A4-B61B-812245E40C53}.Debug|x86.Build.0 = Debug|Any CPU
		{A0B2C3B8-B71E-45A4-B61B-812245E40C53}.Release|Any CPU.ActiveCfg = Release|Any CPU
		{A0B2C3B8-B71E-45A4-B61B-812245E40C53}.Release|Any CPU.Build.0 = Release|Any CPU
		{A0B2C3B8-B71E-45A4-B61B-812245E40C53}.Release|x64.ActiveCfg = Release|Any CPU
		{A0B2C3B8-B71E-45A4-B61B-812245E40C53}.Release|x64.Build.0 = Release|Any CPU
		{A0B2C3B8-B71E-45A4-B61B-812245E40C53}.Release|x86.ActiveCfg = Release|Any CPU
		{A0B2C3B8-B71E-45A4-B61B-812245E40C53}.Release|x86.Build.0 = Release|Any CPU
	EndGlobalSection
	GlobalSection(SolutionProperties) = preSolution
		HideSolutionNode = FALSE
	EndGlobalSection
	GlobalSection(NestedProjects) = preSolution
		{BF0627DA-99F3-495D-AFAB-3C2E16EAD500} = {827E0CD3-B72D-47B6-A68D-7590B98EB39B}
		{379DEBB1-FC50-40AD-8A64-30F6E550E9AD} = {827E0CD3-B72D-47B6-A68D-7590B98EB39B}
		{112A560F-1D04-4EBD-8A8C-2B4B76022A6B} = {827E0CD3-B72D-47B6-A68D-7590B98EB39B}
		{EA787CDB-CAFD-4BD1-AC15-CA08262BD09D} = {827E0CD3-B72D-47B6-A68D-7590B98EB39B}
		{BEC36F20-202C-44E3-86A8-7B7D4993B6DA} = {827E0CD3-B72D-47B6-A68D-7590B98EB39B}
		{3B82A2BD-7B69-416B-AE0D-DDC91FDDD9A1} = {827E0CD3-B72D-47B6-A68D-7590B98EB39B}
		{A0B2C3B8-B71E-45A4-B61B-812245E40C53} = {827E0CD3-B72D-47B6-A68D-7590B98EB39B}
	EndGlobalSection
	GlobalSection(ExtensibilityGlobals) = postSolution
		SolutionGuid = {3EC8E967-54E1-4B30-A48A-8AB501B7E2DB}
	EndGlobalSection
EndGlobal
